{
  "originHash" : "c8fe081778680963fb6a3b5defb98b006d23380018c566c2e5ab5ebe443b20fe",
  "pins" : [
    {
      "identity" : "datascanner",
      "kind" : "remoteSourceControl",
      "location" : "https://github.com/mredig/DataScanner.git",
      "state" : {
        "revision" : "0d6c1904316070a2a48a73b5da0a9bfcaa2f5ad5",
        "version" : "0.4.3"
      }
    },
    {
      "identity" : "embassy",
      "kind" : "remoteSourceControl",
      "location" : "https://github.com/envoy/Embassy.git",
      "state" : {
        "revision" : "8469f2c1b334a7c1c3566e2cb2f97826c7cca898",
        "version" : "4.1.6"
      }
    },
    {
      "identity" : "nhmacros",
      "kind" : "remoteSourceControl",
      "location" : "https://github.com/NetworkHandler/NHMacros.git",
      "state" : {
        "revision" : "1e3dd70a55afa1e439fc6b432183b1ac15f7b56e",
        "version" : "0.0.1"
      }
    },
    {
      "identity" : "pizzamacros",
      "kind" : "remoteSourceControl",
      "location" : "https://github.com/mredig/PizzaMacros.git",
      "state" : {
        "revision" : "db38d2e594c2931f4b4632382069c0f92d2318f3",
        "version" : "0.1.6"
      }
    },
    {
      "identity" : "swift-asn1",
      "kind" : "remoteSourceControl",
      "location" : "https://github.com/apple/swift-asn1.git",
      "state" : {
        "revision" : "eb50cbd14606a9161cbc5d452f18797c90ef0bab",
        "version" : "1.7.0"
      }
    },
    {
      "identity" : "swift-crypto",
      "kind" : "remoteSourceControl",
      "location" : "https://github.com/apple/swift-crypto.git",
      "state" : {
        "revision" : "95ba0316a9b733e92bb6b071255ff46263bbe7dc",
        "version" : "3.15.1"
      }
    },
    {
      "identity" : "swift-http-types",
      "kind" : "remoteSourceControl",
      "location" : "https://github.com/apple/swift-http-types.git",
      "state" : {
        "revision" : "45eb0224913ea070ec4fba17291b9e7ecf4749ca",
        "version" : "1.5.1"
      }
    },
    {
      "identity" : "swift-log",
      "kind" : "remoteSourceControl",
      "location" : "https://github.com/apple/swift-log.git",
      "state" : {
        "revision" : "5073617dac96330a486245e4c0179cb0a6fd2256",
        "version" : "1.12.0"
      }
    },
    {
      "identity" : "swift-syntax",
      "kind" : "remoteSourceControl",
      "location" : "https://github.com/apple/swift-syntax.git",
      "state" : {
        "revision" : "4799286537280063c85a32f09884cfbca301b1a1",
        "version" : "602.0.0"
      }
    },
    {
      "identity" : "swiftlintplugins",
      "kind" : "remoteSourceControl",
      "location" : "https://github.com/SimplyDanny/SwiftLintPlugins",
      "state" : {
        "revision" : "8a4640d14777685ba8f14e832373160498fbab92",
        "version" : "0.63.2"
      }
    },
    {
      "identity" : "swiftlydotenv",
      "kind" : "remoteSourceControl",
      "location" : "https://github.com/mredig/SwiftlyDotEnv.git",
      "state" : {
        "revision" : "9357bed1e9c5fec2d6612c2dbc9ccd7a472794cd",
        "version" : "0.2.9"
      }
    },
    {
      "identity" : "swiftpizzasnips",
      "kind" : "remoteSourceControl",
      "location" : "https://github.com/mredig/SwiftPizzaSnips.git",
      "state" : {
        "revision" : "64b0104dd5b657b4e6f12248a0c8fd7397ea7204",
        "version" : "0.5.0"
      }
    }
  ],
  "version" : 3
}
